{
  "name": "GolangRestFul",
  "lockfileVersion": 2,
  "requires": true,
  "packages": {
    "": {
      "dependencies": {
        "@vercel/go": "^3.2.1"
      }
    },
    "node_modules/@vercel/go": {
      "version": "3.2.1",
      "resolved": "https://registry.npmjs.org/@vercel/go/-/go-3.2.1.tgz",
      "integrity": "sha512-ezjmuUvLigH9V4egEaX0SZ+phILx8lb+Zkp1iTqKI+yl/ibPAtVo5o+dLSRAXU9U01LBmaLu3O8Oxd/JpWYCOw=="
    }
  },
  "dependencies": {
    "@vercel/go": {
      "version": "3.2.1",
      "resolved": "https://registry.npmjs.org/@vercel/go/-/go-3.2.1.tgz",
      "integrity": "sha512-ezjmuUvLigH9V4egEaX0SZ+phILx8lb+Zkp1iTqKI+yl/ibPAtVo5o+dLSRAXU9U01LBmaLu3O8Oxd/JpWYCOw=="
    }
  }
}
